{
  "projects": [
    {
      "projectId": "hjKYmYi6HMwK6TRyk7ew5R",
      "version": "6.26.0",
      "dependencies": {},
      "lang": "ts",
      "fileLocks": [
        {
          "assetId": "hjKYmYi6HMwK6TRyk7ew5R",
          "type": "projectCss",
          "checksum": "e76cee85e96cb3fff580d5552a47cfe4"
        },
        {
          "assetId": "hjKYmYi6HMwK6TRyk7ew5R",
          "checksum": "cf65eba460dcc3223b0eae2ae85ad823",
          "type": "globalContexts"
        }
      ],
      "codegenVersion": "0.0.1"
    },
    {
      "projectId": "kS7YGZfVr6mU43XDQjXELc",
      "version": "0.11.0",
      "dependencies": {},
      "lang": "ts",
      "fileLocks": [
        {
          "assetId": "kS7YGZfVr6mU43XDQjXELc",
          "type": "projectCss",
          "checksum": "e1ec850476829c38b0f9b6d4f7ac446a"
        }
      ],
      "codegenVersion": "0.0.1"
    },
    {
      "projectId": "9Vr5YWkf3w7jj6SsTcCEta",
      "version": "0.4.0",
      "dependencies": {},
      "lang": "ts",
      "fileLocks": [
        {
          "assetId": "9Vr5YWkf3w7jj6SsTcCEta",
          "type": "projectCss",
          "checksum": "e1ec850476829c38b0f9b6d4f7ac446a"
        }
      ],
      "codegenVersion": "0.0.1"
    },
    {
      "projectId": "jkU633o1Cz7HrJdwdxhVHk",
      "version": "16.1.2",
      "dependencies": {},
      "lang": "ts",
      "fileLocks": [
        {
          "assetId": "jkU633o1Cz7HrJdwdxhVHk",
          "type": "projectCss",
          "checksum": "e1ec850476829c38b0f9b6d4f7ac446a"
        }
      ],
      "codegenVersion": "0.0.1"
    },
    {
      "projectId": "ohDidvG9XsCeFumugENU3J",
      "version": "6.5.0",
      "dependencies": {},
      "lang": "ts",
      "fileLocks": [
        {
          "assetId": "ohDidvG9XsCeFumugENU3J",
          "type": "projectCss",
          "checksum": "fd83b730367fdbde2c69bc6cf31c2a3c"
        },
        {
          "assetId": "ohDidvG9XsCeFumugENU3J",
          "checksum": "9edd6de3249e8ce87ee98f963fba1736",
          "type": "globalContexts"
        }
      ],
      "codegenVersion": "0.0.1"
    },
    {
      "projectId": "nGDqHaYZo4FJYSN4xzLGB9",
      "version": "latest",
      "dependencies": {
        "ohDidvG9XsCeFumugENU3J": "6.5.0",
        "jkU633o1Cz7HrJdwdxhVHk": "16.1.2",
        "9Vr5YWkf3w7jj6SsTcCEta": "0.4.0",
        "kS7YGZfVr6mU43XDQjXELc": "0.11.0",
        "hjKYmYi6HMwK6TRyk7ew5R": "6.26.0"
      },
      "lang": "ts",
      "fileLocks": [
        {
          "type": "globalVariant",
          "assetId": "ZNRVnsc7mC_n",
          "checksum": "6b121f09440182347b23cd93b60b5e07"
        },
        {
          "assetId": "nGDqHaYZo4FJYSN4xzLGB9",
          "type": "projectCss",
          "checksum": "b5e0bc8c624e68afe052189953bf32a9"
        },
        {
          "assetId": "nGDqHaYZo4FJYSN4xzLGB9",
          "checksum": "59e9edd48cae5ec1fccd4a6fc6ceca14",
          "type": "globalContexts"
        },
        {
          "type": "renderModule",
          "assetId": "15gJMvxMXfk7",
          "checksum": "25d06d403d9193c6562c529c75c8fe1f"
        },
        {
          "type": "cssRules",
          "assetId": "15gJMvxMXfk7",
          "checksum": "25d06d403d9193c6562c529c75c8fe1f"
        },
        {
          "type": "renderModule",
          "assetId": "YaqyW3PDeE8P",
          "checksum": "66b31390e73cdc7164fa354366a89dde"
        },
        {
          "type": "cssRules",
          "assetId": "YaqyW3PDeE8P",
          "checksum": "66b31390e73cdc7164fa354366a89dde"
        },
        {
          "type": "renderModule",
          "assetId": "l_KrbdcsHkLJ",
          "checksum": "5996b8ad745d766f3ad84270b37a6053"
        },
        {
          "type": "cssRules",
          "assetId": "l_KrbdcsHkLJ",
          "checksum": "5996b8ad745d766f3ad84270b37a6053"
        },
        {
          "type": "renderModule",
          "assetId": "mkpYNdPtx0uB",
          "checksum": "3ee37d0723e2d16686c58851a9271177"
        },
        {
          "type": "cssRules",
          "assetId": "mkpYNdPtx0uB",
          "checksum": "3ee37d0723e2d16686c58851a9271177"
        },
        {
          "type": "renderModule",
          "assetId": "Ucie_n-Eoak1",
          "checksum": "ffeaa5d9ec596faba25304b327c1393c"
        },
        {
          "type": "cssRules",
          "assetId": "Ucie_n-Eoak1",
          "checksum": "ffeaa5d9ec596faba25304b327c1393c"
        },
        {
          "type": "renderModule",
          "assetId": "TTH6wrHYXs_6",
          "checksum": "91896d6e70862daee3b6659f8b5c5324"
        },
        {
          "type": "cssRules",
          "assetId": "TTH6wrHYXs_6",
          "checksum": "91896d6e70862daee3b6659f8b5c5324"
        },
        {
          "type": "renderModule",
          "assetId": "EJBghZcE9zsW",
          "checksum": "6e9b1bbea5920a70c991e2d29ef42223"
        },
        {
          "type": "cssRules",
          "assetId": "EJBghZcE9zsW",
          "checksum": "6e9b1bbea5920a70c991e2d29ef42223"
        },
        {
          "type": "renderModule",
          "assetId": "i4wrxtx9Ahtw",
          "checksum": "389be3d9dfe6ea6b93c043d364d969cd"
        },
        {
          "type": "cssRules",
          "assetId": "i4wrxtx9Ahtw",
          "checksum": "389be3d9dfe6ea6b93c043d364d969cd"
        },
        {
          "type": "renderModule",
          "assetId": "1zmxiEfmY7wl",
          "checksum": "e1e585804ed52078029cfd166679f926"
        },
        {
          "type": "cssRules",
          "assetId": "1zmxiEfmY7wl",
          "checksum": "e1e585804ed52078029cfd166679f926"
        },
        {
          "type": "renderModule",
          "assetId": "5OmvPS-m8OAk",
          "checksum": "9e313c9dd48ef0dfd83bc5a305bae4ea"
        },
        {
          "type": "cssRules",
          "assetId": "5OmvPS-m8OAk",
          "checksum": "9e313c9dd48ef0dfd83bc5a305bae4ea"
        },
        {
          "type": "icon",
          "assetId": "HcGC1_-WWSgZ",
          "checksum": "9b4589651ad1867b9d60778c923ceea5"
        },
        {
          "type": "icon",
          "assetId": "8nReYHRGLjkJ",
          "checksum": "0145781841259e418f323c8d31443697"
        },
        {
          "type": "image",
          "assetId": "6JidcCt5z83D",
          "checksum": "bf55f9326b817a9328117ef2722f39e5"
        },
        {
          "type": "image",
          "assetId": "ZF81bDzI9s-e",
          "checksum": "c6f6f1a6e25938c7a676f389a31e0614"
        },
        {
          "type": "image",
          "assetId": "N_0zxXczad8l",
          "checksum": "d7f374e02c5458ad7038cef142a13413"
        },
        {
          "type": "image",
          "assetId": "ec9mFjR2YKBk",
          "checksum": "015ba325b66e47259c75888985f6dbe0"
        },
        {
          "type": "image",
          "assetId": "VmjaLMvlX4EO",
          "checksum": "7b315aa3035291b3f060ed4a735ca045"
        },
        {
          "type": "image",
          "assetId": "8ryF4FJvIeeF",
          "checksum": "4f803fb0dcf3b63e66afe291d0acc9e0"
        },
        {
          "type": "image",
          "assetId": "qfd_Hw7PnGxK",
          "checksum": "23384027b55a83f9637386afb657b307"
        },
        {
          "type": "image",
          "assetId": "cUOShYeohNoj",
          "checksum": "1a5c39d702ca82a9708cb00c7174736d"
        },
        {
          "type": "image",
          "assetId": "ugwSHimMANME",
          "checksum": "19a49b3f762cdeda689dc6e393f0d1e1"
        },
        {
          "type": "image",
          "assetId": "9N93twc4WywT",
          "checksum": "40687dfdb2de6f1918837e166a8996be"
        },
        {
          "type": "image",
          "assetId": "o9ge2tZeYiLn",
          "checksum": "3fbf272b62ed11f71fb4047484d345da"
        },
        {
          "type": "image",
          "assetId": "scnR79uePITz",
          "checksum": "6ac9c20900c15fb6ae8f1f2d8be7479d"
        },
        {
          "type": "image",
          "assetId": "JwWxV9Jc2P2N",
          "checksum": "7a40812c8ed18eac56d821b9af74441f"
        },
        {
          "type": "image",
          "assetId": "OhRV_vLuqCbN",
          "checksum": "407bb0295389bdf9fb3a71a0b1d466e9"
        },
        {
          "type": "image",
          "assetId": "jNCXVc_nxgDi",
          "checksum": "e3b0baba054ad77b61ef440da2282614"
        },
        {
          "type": "image",
          "assetId": "wKrv7qOxVyZw",
          "checksum": "efd82cc385a43c87535fcf053257fe5a"
        }
      ],
      "codegenVersion": "0.0.1"
    }
  ],
  "cliVersion": "0.1.316"
}
